// !$*UTF8*$!
{
	archiveVersion = 1;
	classes = {
	};
	objectVersion = 50;
	objects = {

/* Begin PBXBuildFile section */
		5C6DD97A2337A83E00A2F610 /* AppDelegate.swift in Sources */ = {isa = PBXBuildFile; fileRef = 5C6DD9792337A83E00A2F610 /* AppDelegate.swift */; };
		5C6DD97C2337A83E00A2F610 /* ViewController.swift in Sources */ = {isa = PBXBuildFile; fileRef = 5C6DD97B2337A83E00A2F610 /* ViewController.swift */; };
		5C6DD97F2337A83E00A2F610 /* Main.storyboard in Resources */ = {isa = PBXBuildFile; fileRef = 5C6DD97D2337A83E00A2F610 /* Main.storyboard */; };
		5C6DD9812337A84000A2F610 /* Assets.xcassets in Resources */ = {isa = PBXBuildFile; fileRef = 5C6DD9802337A84000A2F610 /* Assets.xcassets */; };
		5C6DD9842337A84000A2F610 /* LaunchScreen.storyboard in Resources */ = {isa = PBXBuildFile; fileRef = 5C6DD9822337A84000A2F610 /* LaunchScreen.storyboard */; };
/* End PBXBuildFile section */

/* Begin PBXFileReference section */
		368FFCB9246932CA00DC5164 /* 3.Tree&Graph.playground */ = {isa = PBXFileReference; lastKnownFileType = file.playground; path = "3.Tree&Graph.playground"; sourceTree = "<group>"; xcLanguageSpecificationIdentifier = xcode.lang.swift; };
		368FFCBB24694DF600DC5164 /* 5.Survival.playground */ = {isa = PBXFileReference; lastKnownFileType = file.playground; path = 5.Survival.playground; sourceTree = "<group>"; xcLanguageSpecificationIdentifier = xcode.lang.swift; };
		36AD36CF2465CCC0005F7AC4 /* 4.Decryption.playground */ = {isa = PBXFileReference; lastKnownFileType = file.playground; path = 4.Decryption.playground; sourceTree = "<group>"; xcLanguageSpecificationIdentifier = xcode.lang.swift; };
		36FE5CCD246685C600045FD6 /* 4.Tuple.playground */ = {isa = PBXFileReference; lastKnownFileType = file.playground; path = 4.Tuple.playground; sourceTree = "<group>"; xcLanguageSpecificationIdentifier = xcode.lang.swift; };
		36FE5CCE2466A32500045FD6 /* 1.Recursive.playground */ = {isa = PBXFileReference; lastKnownFileType = file.playground; path = 1.Recursive.playground; sourceTree = "<group>"; xcLanguageSpecificationIdentifier = xcode.lang.swift; };
		36FE5CCF2467191B00045FD6 /* 2.Sort.playground */ = {isa = PBXFileReference; lastKnownFileType = file.playground; path = 2.Sort.playground; sourceTree = "<group>"; xcLanguageSpecificationIdentifier = xcode.lang.swift; };
		5C606DFA2339058C00E82BCF /* 3.StackSequence.playground */ = {isa = PBXFileReference; lastKnownFileType = file.playground; path = 3.StackSequence.playground; sourceTree = "<group>"; xcLanguageSpecificationIdentifier = xcode.lang.swift; };
		5C6DD9762337A83E00A2F610 /* Algorithm.app */ = {isa = PBXFileReference; explicitFileType = wrapper.application; includeInIndex = 0; path = Algorithm.app; sourceTree = BUILT_PRODUCTS_DIR; };
		5C6DD9792337A83E00A2F610 /* AppDelegate.swift */ = {isa = PBXFileReference; lastKnownFileType = sourcecode.swift; path = AppDelegate.swift; sourceTree = "<group>"; };
		5C6DD97B2337A83E00A2F610 /* ViewController.swift */ = {isa = PBXFileReference; lastKnownFileType = sourcecode.swift; path = ViewController.swift; sourceTree = "<group>"; };
		5C6DD97E2337A83E00A2F610 /* Base */ = {isa = PBXFileReference; lastKnownFileType = file.storyboard; name = Base; path = Base.lproj/Main.storyboard; sourceTree = "<group>"; };
		5C6DD9802337A84000A2F610 /* Assets.xcassets */ = {isa = PBXFileReference; lastKnownFileType = folder.assetcatalog; path = Assets.xcassets; sourceTree = "<group>"; };
		5C6DD9832337A84000A2F610 /* Base */ = {isa = PBXFileReference; lastKnownFileType = file.storyboard; name = Base; path = Base.lproj/LaunchScreen.storyboard; sourceTree = "<group>"; };
		5C6DD9852337A84000A2F610 /* Info.plist */ = {isa = PBXFileReference; lastKnownFileType = text.plist.xml; path = Info.plist; sourceTree = "<group>"; };
		5C6DD98E2337A8BA00A2F610 /* 1.Scale.playground */ = {isa = PBXFileReference; lastKnownFileType = file.playground; path = 1.Scale.playground; sourceTree = "<group>"; xcLanguageSpecificationIdentifier = xcode.lang.swift; };
		5C6DD98F2337A8DC00A2F610 /* Summary.playground */ = {isa = PBXFileReference; lastKnownFileType = file.playground; path = Summary.playground; sourceTree = "<group>"; xcLanguageSpecificationIdentifier = xcode.lang.swift; };
		5C912D642337BD1600995C04 /* 2.Blackjack.playground */ = {isa = PBXFileReference; lastKnownFileType = file.playground; path = 2.Blackjack.playground; sourceTree = "<group>"; xcLanguageSpecificationIdentifier = xcode.lang.swift; };
/* End PBXFileReference section */

/* Begin PBXFrameworksBuildPhase section */
		5C6DD9732337A83E00A2F610 /* Frameworks */ = {
			isa = PBXFrameworksBuildPhase;
			buildActionMask = 2147483647;
			files = (
			);
			runOnlyForDeploymentPostprocessing = 0;
		};
/* End PBXFrameworksBuildPhase section */

/* Begin PBXGroup section */
		368FFCBA24694DE000DC5164 /* Question */ = {
			isa = PBXGroup;
			children = (
				368FFCBB24694DF600DC5164 /* 5.Survival.playground */,
				36AD36CF2465CCC0005F7AC4 /* 4.Decryption.playground */,
			);
			path = Question;
			sourceTree = "<group>";
		};
		36AD36CE2465CC72005F7AC4 /* CodingTest_Lecture */ = {
			isa = PBXGroup;
			children = (
				368FFCBA24694DE000DC5164 /* Question */,
				36FE5CCE2466A32500045FD6 /* 1.Recursive.playground */,
				36FE5CCF2467191B00045FD6 /* 2.Sort.playground */,
				368FFCB9246932CA00DC5164 /* 3.Tree&Graph.playground */,
			);
			path = CodingTest_Lecture;
			sourceTree = "<group>";
		};
		5C6DD96D2337A83E00A2F610 = {
			isa = PBXGroup;
			children = (
				36AD36CE2465CC72005F7AC4 /* CodingTest_Lecture */,
				5C6DD98B2337A87600A2F610 /* Summary */,
				5C6DD98D2337A89000A2F610 /* Question */,
				5C6DD9782337A83E00A2F610 /* Algorithm */,
				5C6DD9772337A83E00A2F610 /* Products */,
			);
			sourceTree = "<group>";
		};
		5C6DD9772337A83E00A2F610 /* Products */ = {
			isa = PBXGroup;
			children = (
				5C6DD9762337A83E00A2F610 /* Algorithm.app */,
			);
			name = Products;
			sourceTree = "<group>";
		};
		5C6DD9782337A83E00A2F610 /* Algorithm */ = {
			isa = PBXGroup;
			children = (
				5C6DD9792337A83E00A2F610 /* AppDelegate.swift */,
				5C6DD97B2337A83E00A2F610 /* ViewController.swift */,
				5C6DD97D2337A83E00A2F610 /* Main.storyboard */,
				5C6DD9802337A84000A2F610 /* Assets.xcassets */,
				5C6DD9822337A84000A2F610 /* LaunchScreen.storyboard */,
				5C6DD9852337A84000A2F610 /* Info.plist */,
			);
			path = Algorithm;
			sourceTree = "<group>";
		};
		5C6DD98B2337A87600A2F610 /* Summary */ = {
			isa = PBXGroup;
			children = (
				5C6DD98F2337A8DC00A2F610 /* Summary.playground */,
			);
			path = Summary;
			sourceTree = "<group>";
		};
		5C6DD98D2337A89000A2F610 /* Question */ = {
			isa = PBXGroup;
			children = (
				5C6DD98E2337A8BA00A2F610 /* 1.Scale.playground */,
				5C912D642337BD1600995C04 /* 2.Blackjack.playground */,
				5C606DFA2339058C00E82BCF /* 3.StackSequence.playground */,
				36FE5CCD246685C600045FD6 /* 4.Tuple.playground */,
			);
			path = Question;
			sourceTree = "<group>";
		};
/* End PBXGroup section */

/* Begin PBXNativeTarget section */
		5C6DD9752337A83E00A2F610 /* Algorithm */ = {
			isa = PBXNativeTarget;
			buildConfigurationList = 5C6DD9882337A84000A2F610 /* Build configuration list for PBXNativeTarget "Algorithm" */;
			buildPhases = (
				5C6DD9722337A83E00A2F610 /* Sources */,
				5C6DD9732337A83E00A2F610 /* Frameworks */,
				5C6DD9742337A83E00A2F610 /* Resources */,
			);
			buildRules = (
			);
			dependencies = (
			);
			name = Algorithm;
			productName = Algorithm;
			productReference = 5C6DD9762337A83E00A2F610 /* Algorithm.app */;
			productType = "com.apple.product-type.application";
		};
/* End PBXNativeTarget section */

/* Begin PBXProject section */
		5C6DD96E2337A83E00A2F610 /* Project object */ = {
			isa = PBXProject;
			attributes = {
				LastSwiftUpdateCheck = 1030;
				LastUpgradeCheck = 1030;
				ORGANIZATIONNAME = Jinnify;
				TargetAttributes = {
					5C6DD9752337A83E00A2F610 = {
						CreatedOnToolsVersion = 10.3;
					};
				};
			};
			buildConfigurationList = 5C6DD9712337A83E00A2F610 /* Build configuration list for PBXProject "Algorithm" */;
			compatibilityVersion = "Xcode 9.3";
			developmentRegion = en;
			hasScannedForEncodings = 0;
			knownRegions = (
				en,
				Base,
			);
			mainGroup = 5C6DD96D2337A83E00A2F610;
			productRefGroup = 5C6DD9772337A83E00A2F610 /* Products */;
			projectDirPath = "";
			projectRoot = "";
			targets = (
				5C6DD9752337A83E00A2F610 /* Algorithm */,
			);
		};
/* End PBXProject section */

/* Begin PBXResourcesBuildPhase section */
		5C6DD9742337A83E00A2F610 /* Resources */ = {
			isa = PBXResourcesBuildPhase;
			buildActionMask = 2147483647;
			files = (
				5C6DD9842337A84000A2F610 /* LaunchScreen.storyboard in Resources */,
				5C6DD9812337A84000A2F610 /* Assets.xcassets in Resources */,
				5C6DD97F2337A83E00A2F610 /* Main.storyboard in Resources */,
			);
			runOnlyForDeploymentPostprocessing = 0;
		};
/* End PBXResourcesBuildPhase section */

/* Begin PBXSourcesBuildPhase section */
		5C6DD9722337A83E00A2F610 /* Sources */ = {
			isa = PBXSourcesBuildPhase;
			buildActionMask = 2147483647;
			files = (
				5C6DD97C2337A83E00A2F610 /* ViewController.swift in Sources */,
				5C6DD97A2337A83E00A2F610 /* AppDelegate.swift in Sources */,
			);
			runOnlyForDeploymentPostprocessing = 0;
		};
/* End PBXSourcesBuildPhase section */

/* Begin PBXVariantGroup section */
		5C6DD97D2337A83E00A2F610 /* Main.storyboard */ = {
			isa = PBXVariantGroup;
			children = (
				5C6DD97E2337A83E00A2F610 /* Base */,
			);
			name = Main.storyboard;
			sourceTree = "<group>";
		};
		5C6DD9822337A84000A2F610 /* LaunchScreen.storyboard */ = {
			isa = PBXVariantGroup;
			children = (
				5C6DD9832337A84000A2F610 /* Base */,
			);
			name = LaunchScreen.storyboard;
			sourceTree = "<group>";
		};
/* End PBXVariantGroup section */

/* Begin XCBuildConfiguration section */
		5C6DD9862337A84000A2F610 /* Debug */ = {
			isa = XCBuildConfiguration;
			buildSettings = {
				ALWAYS_SEARCH_USER_PATHS = NO;
				CLANG_ANALYZER_NONNULL = YES;
				CLANG_ANALYZER_NUMBER_OBJECT_CONVERSION = YES_AGGRESSIVE;
				CLANG_CXX_LANGUAGE_STANDARD = "gnu++14";
				CLANG_CXX_LIBRARY = "libc++";
				CLANG_ENABLE_MODULES = YES;
				CLANG_ENABLE_OBJC_ARC = YES;
				CLANG_ENABLE_OBJC_WEAK = YES;
				CLANG_WARN_BLOCK_CAPTURE_AUTORELEASING = YES;
				CLANG_WARN_BOOL_CONVERSION = YES;
				CLANG_WARN_COMMA = YES;
				CLANG_WARN_CONSTANT_CONVERSION = YES;
				CLANG_WARN_DEPRECATED_OBJC_IMPLEMENTATIONS = YES;
				CLANG_WARN_DIRECT_OBJC_ISA_USAGE = YES_ERROR;
				CLANG_WARN_DOCUMENTATION_COMMENTS = YES;
				CLANG_WARN_EMPTY_BODY = YES;
				CLANG_WARN_ENUM_CONVERSION = YES;
				CLANG_WARN_INFINITE_RECURSION = YES;
				CLANG_WARN_INT_CONVERSION = YES;
				CLANG_WARN_NON_LITERAL_NULL_CONVERSION = YES;
				CLANG_WARN_OBJC_IMPLICIT_RETAIN_SELF = YES;
				CLANG_WARN_OBJC_LITERAL_CONVERSION = YES;
				CLANG_WARN_OBJC_ROOT_CLASS = YES_ERROR;
				CLANG_WARN_RANGE_LOOP_ANALYSIS = YES;
				CLANG_WARN_STRICT_PROTOTYPES = YES;
				CLANG_WARN_SUSPICIOUS_MOVE = YES;
				CLANG_WARN_UNGUARDED_AVAILABILITY = YES_AGGRESSIVE;
				CLANG_WARN_UNREACHABLE_CODE = YES;
				CLANG_WARN__DUPLICATE_METHOD_MATCH = YES;
				CODE_SIGN_IDENTITY = "iPhone Developer";
				COPY_PHASE_STRIP = NO;
				DEBUG_INFORMATION_FORMAT = dwarf;
				ENABLE_STRICT_OBJC_MSGSEND = YES;
				ENABLE_TESTABILITY = YES;
				GCC_C_LANGUAGE_STANDARD = gnu11;
				GCC_DYNAMIC_NO_PIC = NO;
				GCC_NO_COMMON_BLOCKS = YES;
				GCC_OPTIMIZATION_LEVEL = 0;
				GCC_PREPROCESSOR_DEFINITIONS = (
					"DEBUG=1",
					"$(inherited)",
				);
				GCC_WARN_64_TO_32_BIT_CONVERSION = YES;
				GCC_WARN_ABOUT_RETURN_TYPE = YES_ERROR;
				GCC_WARN_UNDECLARED_SELECTOR = YES;
				GCC_WARN_UNINITIALIZED_AUTOS = YES_AGGRESSIVE;
				GCC_WARN_UNUSED_FUNCTION = YES;
				GCC_WARN_UNUSED_VARIABLE = YES;
				IPHONEOS_DEPLOYMENT_TARGET = 12.4;
				MTL_ENABLE_DEBUG_INFO = INCLUDE_SOURCE;
				MTL_FAST_MATH = YES;
				ONLY_ACTIVE_ARCH = YES;
				SDKROOT = iphoneos;
				SWIFT_ACTIVE_COMPILATION_CONDITIONS = DEBUG;
				SWIFT_OPTIMIZATION_LEVEL = "-Onone";
			};
			name = Debug;
		};
		5C6DD9872337A84000A2F610 /* Release */ = {
			isa = XCBuildConfiguration;
			buildSettings = {
				ALWAYS_SEARCH_USER_PATHS = NO;
				CLANG_ANALYZER_NONNULL = YES;
				CLANG_ANALYZER_NUMBER_OBJECT_CONVERSION = YES_AGGRESSIVE;
				CLANG_CXX_LANGUAGE_STANDARD = "gnu++14";
				CLANG_CXX_LIBRARY = "libc++";
				CLANG_ENABLE_MODULES = YES;
				CLANG_ENABLE_OBJC_ARC = YES;
				CLANG_ENABLE_OBJC_WEAK = YES;
				CLANG_WARN_BLOCK_CAPTURE_AUTORELEASING = YES;
				CLANG_WARN_BOOL_CONVERSION = YES;
				CLANG_WARN_COMMA = YES;
				CLANG_WARN_CONSTANT_CONVERSION = YES;
				CLANG_WARN_DEPRECATED_OBJC_IMPLEMENTATIONS = YES;
				CLANG_WARN_DIRECT_OBJC_ISA_USAGE = YES_ERROR;
				CLANG_WARN_DOCUMENTATION_COMMENTS = YES;
				CLANG_WARN_EMPTY_BODY = YES;
				CLANG_WARN_ENUM_CONVERSION = YES;
				CLANG_WARN_INFINITE_RECURSION = YES;
				CLANG_WARN_INT_CONVERSION = YES;
				CLANG_WARN_NON_LITERAL_NULL_CONVERSION = YES;
				CLANG_WARN_OBJC_IMPLICIT_RETAIN_SELF = YES;
				CLANG_WARN_OBJC_LITERAL_CONVERSION = YES;
				CLANG_WARN_OBJC_ROOT_CLASS = YES_ERROR;
				CLANG_WARN_RANGE_LOOP_ANALYSIS = YES;
				CLANG_WARN_STRICT_PROTOTYPES = YES;
				CLANG_WARN_SUSPICIOUS_MOVE = YES;
				CLANG_WARN_UNGUARDED_AVAILABILITY = YES_AGGRESSIVE;
				CLANG_WARN_UNREACHABLE_CODE = YES;
				CLANG_WARN__DUPLICATE_METHOD_MATCH = YES;
				CODE_SIGN_IDENTITY = "iPhone Developer";
				COPY_PHASE_STRIP = NO;
				DEBUG_INFORMATION_FORMAT = "dwarf-with-dsym";
				ENABLE_NS_ASSERTIONS = NO;
				ENABLE_STRICT_OBJC_MSGSEND = YES;
				GCC_C_LANGUAGE_STANDARD = gnu11;
				GCC_NO_COMMON_BLOCKS = YES;
				GCC_WARN_64_TO_32_BIT_CONVERSION = YES;
				GCC_WARN_ABOUT_RETURN_TYPE = YES_ERROR;
				GCC_WARN_UNDECLARED_SELECTOR = YES;
				GCC_WARN_UNINITIALIZED_AUTOS = YES_AGGRESSIVE;
				GCC_WARN_UNUSED_FUNCTION = YES;
				GCC_WARN_UNUSED_VARIABLE = YES;
				IPHONEOS_DEPLOYMENT_TARGET = 12.4;
				MTL_ENABLE_DEBUG_INFO = NO;
				MTL_FAST_MATH = YES;
				SDKROOT = iphoneos;
				SWIFT_COMPILATION_MODE = wholemodule;
				SWIFT_OPTIMIZATION_LEVEL = "-O";
				VALIDATE_PRODUCT = YES;
			};
			name = Release;
		};
		5C6DD9892337A84000A2F610 /* Debug */ = {
			isa = XCBuildConfiguration;
			buildSettings = {
				ASSETCATALOG_COMPILER_APPICON_NAME = AppIcon;
				CODE_SIGN_STYLE = Automatic;
				DEVELOPMENT_TEAM = CNMQE42DQF;
				INFOPLIST_FILE = "$(SRCROOT)/Algorithm/Info.plist";
				LD_RUNPATH_SEARCH_PATHS = (
					"$(inherited)",
					"@executable_path/Frameworks",
				);
				PRODUCT_BUNDLE_IDENTIFIER = com.jinnify.Algorithm;
				PRODUCT_NAME = "$(TARGET_NAME)";
				SWIFT_VERSION = 5.0;
				TARGETED_DEVICE_FAMILY = "1,2";
			};
			name = Debug;
		};
		5C6DD98A2337A84000A2F610 /* Release */ = {
			isa = XCBuildConfiguration;
			buildSettings = {
				ASSETCATALOG_COMPILER_APPICON_NAME = AppIcon;
				CODE_SIGN_STYLE = Automatic;
				DEVELOPMENT_TEAM = CNMQE42DQF;
				INFOPLIST_FILE = "$(SRCROOT)/Algorithm/Info.plist";
				LD_RUNPATH_SEARCH_PATHS = (
					"$(inherited)",
					"@executable_path/Frameworks",
				);
				PRODUCT_BUNDLE_IDENTIFIER = com.jinnify.Algorithm;
				PRODUCT_NAME = "$(TARGET_NAME)";
				SWIFT_VERSION = 5.0;
				TARGETED_DEVICE_FAMILY = "1,2";
			};
			name = Release;
		};
/* End XCBuildConfiguration section */

/* Begin XCConfigurationList section */
		5C6DD9712337A83E00A2F610 /* Build configuration list for PBXProject "Algorithm" */ = {
			isa = XCConfigurationList;
			buildConfigurations = (
				5C6DD9862337A84000A2F610 /* Debug */,
				5C6DD9872337A84000A2F610 /* Release */,
			);
			defaultConfigurationIsVisible = 0;
			defaultConfigurationName = Release;
		};
		5C6DD9882337A84000A2F610 /* Build configuration list for PBXNativeTarget "Algorithm" */ = {
			isa = XCConfigurationList;
			buildConfigurations = (
				5C6DD9892337A84000A2F610 /* Debug */,
				5C6DD98A2337A84000A2F610 /* Release */,
			);
			defaultConfigurationIsVisible = 0;
			defaultConfigurationName = Release;
		};
/* End XCConfigurationList section */
	};
	rootObject = 5C6DD96E2337A83E00A2F610 /* Project object */;
}
